// !$*UTF8*$!
{
	archiveVersion = 1;
	classes = {
	};
	objectVersion = 56;
	objects = {

/* Begin PBXBuildFile section */
		23CC40972D28FE7A00DB119B /* AppDelegate.swift in Sources */ = {isa = PBXBuildFile; fileRef = 23CC40962D28FE7A00DB119B /* AppDelegate.swift */; };
		23CC40992D28FE7A00DB119B /* SceneDelegate.swift in Sources */ = {isa = PBXBuildFile; fileRef = 23CC40982D28FE7A00DB119B /* SceneDelegate.swift */; };
		23CC409B2D28FE7A00DB119B /* MainViewController.swift in Sources */ = {isa = PBXBuildFile; fileRef = 23CC409A2D28FE7A00DB119B /* MainViewController.swift */; };
		23CC40A02D28FE7A00DB119B /* Assets.xcassets in Resources */ = {isa = PBXBuildFile; fileRef = 23CC409F2D28FE7A00DB119B /* Assets.xcassets */; };
		23CC40A32D28FE7A00DB119B /* Base in Resources */ = {isa = PBXBuildFile; fileRef = 23CC40A22D28FE7A00DB119B /* Base */; };
		48D7104625027B6343891612 /* Pods_Car_Logo_Detect.framework in Frameworks */ = {isa = PBXBuildFile; fileRef = F7EA77EBA0764EB6C76756DD /* Pods_Car_Logo_Detect.framework */; };
		A75E64E62D350BA500E30C50 /* FunctionType.swift in Sources */ = {isa = PBXBuildFile; fileRef = A75E64E52D350BA500E30C50 /* FunctionType.swift */; };
		A75E64EC2D350DDE00E30C50 /* DrawViewController.swift in Sources */ = {isa = PBXBuildFile; fileRef = A75E64EB2D350DDE00E30C50 /* DrawViewController.swift */; };
		A75E64EE2D350EA900E30C50 /* FuncButton.swift in Sources */ = {isa = PBXBuildFile; fileRef = A75E64ED2D350EA900E30C50 /* FuncButton.swift */; };
		A75E64F12D36479C00E30C50 /* PreviewViewController.swift in Sources */ = {isa = PBXBuildFile; fileRef = A75E64F02D36479C00E30C50 /* PreviewViewController.swift */; };
		A75E64F32D3762B300E30C50 /* CarInfoWikiViewController.swift in Sources */ = {isa = PBXBuildFile; fileRef = A75E64F22D3762B300E30C50 /* CarInfoWikiViewController.swift */; };
		A75E64F52D37667900E30C50 /* CarBrandCell.swift in Sources */ = {isa = PBXBuildFile; fileRef = A75E64F42D37667900E30C50 /* CarBrandCell.swift */; };
		A75E64F72D37676400E30C50 /* CarBrandItem.swift in Sources */ = {isa = PBXBuildFile; fileRef = A75E64F62D37676400E30C50 /* CarBrandItem.swift */; };
/* End PBXBuildFile section */

/* Begin PBXFileReference section */
		23CC40932D28FE7A00DB119B /* Car-Logo-Detect.app */ = {isa = PBXFileReference; explicitFileType = wrapper.application; includeInIndex = 0; path = "Car-Logo-Detect.app"; sourceTree = BUILT_PRODUCTS_DIR; };
		23CC40962D28FE7A00DB119B /* AppDelegate.swift */ = {isa = PBXFileReference; lastKnownFileType = sourcecode.swift; path = AppDelegate.swift; sourceTree = "<group>"; };
		23CC40982D28FE7A00DB119B /* SceneDelegate.swift */ = {isa = PBXFileReference; lastKnownFileType = sourcecode.swift; path = SceneDelegate.swift; sourceTree = "<group>"; };
		23CC409A2D28FE7A00DB119B /* MainViewController.swift */ = {isa = PBXFileReference; lastKnownFileType = sourcecode.swift; path = MainViewController.swift; sourceTree = "<group>"; };
		23CC409F2D28FE7A00DB119B /* Assets.xcassets */ = {isa = PBXFileReference; lastKnownFileType = folder.assetcatalog; path = Assets.xcassets; sourceTree = "<group>"; };
		23CC40A22D28FE7A00DB119B /* Base */ = {isa = PBXFileReference; lastKnownFileType = file.storyboard; name = Base; path = Base.lproj/LaunchScreen.storyboard; sourceTree = "<group>"; };
		23CC40A42D28FE7A00DB119B /* Info.plist */ = {isa = PBXFileReference; lastKnownFileType = text.plist.xml; path = Info.plist; sourceTree = "<group>"; };
		54167AD410BE3C8FF21812CF /* Pods-Car-Logo-Detect.release.xcconfig */ = {isa = PBXFileReference; includeInIndex = 1; lastKnownFileType = text.xcconfig; name = "Pods-Car-Logo-Detect.release.xcconfig"; path = "Target Support Files/Pods-Car-Logo-Detect/Pods-Car-Logo-Detect.release.xcconfig"; sourceTree = "<group>"; };
		68A61A7F55FD7464AFBC494C /* Pods-Car-Logo-Detect.debug.xcconfig */ = {isa = PBXFileReference; includeInIndex = 1; lastKnownFileType = text.xcconfig; name = "Pods-Car-Logo-Detect.debug.xcconfig"; path = "Target Support Files/Pods-Car-Logo-Detect/Pods-Car-Logo-Detect.debug.xcconfig"; sourceTree = "<group>"; };
		A75E64E52D350BA500E30C50 /* FunctionType.swift */ = {isa = PBXFileReference; lastKnownFileType = sourcecode.swift; path = FunctionType.swift; sourceTree = "<group>"; };
		A75E64EB2D350DDE00E30C50 /* DrawViewController.swift */ = {isa = PBXFileReference; lastKnownFileType = sourcecode.swift; path = DrawViewController.swift; sourceTree = "<group>"; };
		A75E64ED2D350EA900E30C50 /* FuncButton.swift */ = {isa = PBXFileReference; lastKnownFileType = sourcecode.swift; path = FuncButton.swift; sourceTree = "<group>"; };
		A75E64F02D36479C00E30C50 /* PreviewViewController.swift */ = {isa = PBXFileReference; lastKnownFileType = sourcecode.swift; path = PreviewViewController.swift; sourceTree = "<group>"; };
		A75E64F22D3762B300E30C50 /* CarInfoWikiViewController.swift */ = {isa = PBXFileReference; lastKnownFileType = sourcecode.swift; path = CarInfoWikiViewController.swift; sourceTree = "<group>"; };
		A75E64F42D37667900E30C50 /* CarBrandCell.swift */ = {isa = PBXFileReference; lastKnownFileType = sourcecode.swift; path = CarBrandCell.swift; sourceTree = "<group>"; };
		A75E64F62D37676400E30C50 /* CarBrandItem.swift */ = {isa = PBXFileReference; lastKnownFileType = sourcecode.swift; path = CarBrandItem.swift; sourceTree = "<group>"; };
		F7EA77EBA0764EB6C76756DD /* Pods_Car_Logo_Detect.framework */ = {isa = PBXFileReference; explicitFileType = wrapper.framework; includeInIndex = 0; path = Pods_Car_Logo_Detect.framework; sourceTree = BUILT_PRODUCTS_DIR; };
/* End PBXFileReference section */

/* Begin PBXFrameworksBuildPhase section */
		23CC40902D28FE7A00DB119B /* Frameworks */ = {
			isa = PBXFrameworksBuildPhase;
			buildActionMask = 2147483647;
			files = (
				48D7104625027B6343891612 /* Pods_Car_Logo_Detect.framework in Frameworks */,
			);
			runOnlyForDeploymentPostprocessing = 0;
		};
/* End PBXFrameworksBuildPhase section */

/* Begin PBXGroup section */
		1E7398B0B23183028A670DB3 /* Frameworks */ = {
			isa = PBXGroup;
			children = (
				F7EA77EBA0764EB6C76756DD /* Pods_Car_Logo_Detect.framework */,
			);
			name = Frameworks;
			sourceTree = "<group>";
		};
		23CC408A2D28FE7A00DB119B = {
			isa = PBXGroup;
			children = (
				23CC40952D28FE7A00DB119B /* Car-Logo-Detect */,
				23CC40942D28FE7A00DB119B /* Products */,
				621FBE19D945F9DE3B7A31E4 /* Pods */,
				1E7398B0B23183028A670DB3 /* Frameworks */,
			);
			sourceTree = "<group>";
		};
		23CC40942D28FE7A00DB119B /* Products */ = {
			isa = PBXGroup;
			children = (
				23CC40932D28FE7A00DB119B /* Car-Logo-Detect.app */,
			);
			name = Products;
			sourceTree = "<group>";
		};
		23CC40952D28FE7A00DB119B /* Car-Logo-Detect */ = {
			isa = PBXGroup;
			children = (
				A75E64EF2D35247400E30C50 /* Functions */,
				23CC40962D28FE7A00DB119B /* AppDelegate.swift */,
				23CC40982D28FE7A00DB119B /* SceneDelegate.swift */,
				23CC409A2D28FE7A00DB119B /* MainViewController.swift */,
				A75E64E52D350BA500E30C50 /* FunctionType.swift */,
				A75E64ED2D350EA900E30C50 /* FuncButton.swift */,
				23CC409F2D28FE7A00DB119B /* Assets.xcassets */,
				23CC40A12D28FE7A00DB119B /* LaunchScreen.storyboard */,
				23CC40A42D28FE7A00DB119B /* Info.plist */,
			);
			path = "Car-Logo-Detect";
			sourceTree = "<group>";
		};
		621FBE19D945F9DE3B7A31E4 /* Pods */ = {
			isa = PBXGroup;
			children = (
				68A61A7F55FD7464AFBC494C /* Pods-Car-Logo-Detect.debug.xcconfig */,
				54167AD410BE3C8FF21812CF /* Pods-Car-Logo-Detect.release.xcconfig */,
			);
			path = Pods;
			sourceTree = "<group>";
		};
		A75E64EF2D35247400E30C50 /* Functions */ = {
			isa = PBXGroup;
			children = (
				A75E64EB2D350DDE00E30C50 /* DrawViewController.swift */,
				A75E64F02D36479C00E30C50 /* PreviewViewController.swift */,
				A75E64F22D3762B300E30C50 /* CarInfoWikiViewController.swift */,
				A75E64F42D37667900E30C50 /* CarBrandCell.swift */,
				A75E64F62D37676400E30C50 /* CarBrandItem.swift */,
			);
			path = Functions;
			sourceTree = "<group>";
		};
/* End PBXGroup section */

/* Begin PBXNativeTarget section */
		23CC40922D28FE7A00DB119B /* Car-Logo-Detect */ = {
			isa = PBXNativeTarget;
			buildConfigurationList = 23CC40A72D28FE7A00DB119B /* Build configuration list for PBXNativeTarget "Car-Logo-Detect" */;
			buildPhases = (
				3932C075E084E594B39F3B2E /* [CP] Check Pods Manifest.lock */,
				23CC408F2D28FE7A00DB119B /* Sources */,
				23CC40902D28FE7A00DB119B /* Frameworks */,
				23CC40912D28FE7A00DB119B /* Resources */,
				4C8B73206658E89F848AAABA /* [CP] Embed Pods Frameworks */,
			);
			buildRules = (
			);
			dependencies = (
			);
			name = "Car-Logo-Detect";
			productName = "Car-Logo-Detect";
			productReference = 23CC40932D28FE7A00DB119B /* Car-Logo-Detect.app */;
			productType = "com.apple.product-type.application";
		};
/* End PBXNativeTarget section */

/* Begin PBXProject section */
		23CC408B2D28FE7A00DB119B /* Project object */ = {
			isa = PBXProject;
			attributes = {
				BuildIndependentTargetsInParallel = 1;
				LastSwiftUpdateCheck = 1540;
				LastUpgradeCheck = 1540;
				TargetAttributes = {
					23CC40922D28FE7A00DB119B = {
						CreatedOnToolsVersion = 15.4;
					};
				};
			};
			buildConfigurationList = 23CC408E2D28FE7A00DB119B /* Build configuration list for PBXProject "Car-Logo-Detect" */;
			compatibilityVersion = "Xcode 14.0";
			developmentRegion = en;
			hasScannedForEncodings = 0;
			knownRegions = (
				en,
				Base,
			);
			mainGroup = 23CC408A2D28FE7A00DB119B;
			productRefGroup = 23CC40942D28FE7A00DB119B /* Products */;
			projectDirPath = "";
			projectRoot = "";
			targets = (
				23CC40922D28FE7A00DB119B /* Car-Logo-Detect */,
			);
		};
/* End PBXProject section */

/* Begin PBXResourcesBuildPhase section */
		23CC40912D28FE7A00DB119B /* Resources */ = {
			isa = PBXResourcesBuildPhase;
			buildActionMask = 2147483647;
			files = (
				23CC40A02D28FE7A00DB119B /* Assets.xcassets in Resources */,
				23CC40A32D28FE7A00DB119B /* Base in Resources */,
			);
			runOnlyForDeploymentPostprocessing = 0;
		};
/* End PBXResourcesBuildPhase section */

/* Begin PBXShellScriptBuildPhase section */
		3932C075E084E594B39F3B2E /* [CP] Check Pods Manifest.lock */ = {
			isa = PBXShellScriptBuildPhase;
			buildActionMask = 2147483647;
			files = (
			);
			inputFileListPaths = (
			);
			inputPaths = (
				"${PODS_PODFILE_DIR_PATH}/Podfile.lock",
				"${PODS_ROOT}/Manifest.lock",
			);
			name = "[CP] Check Pods Manifest.lock";
			outputFileListPaths = (
			);
			outputPaths = (
				"$(DERIVED_FILE_DIR)/Pods-Car-Logo-Detect-checkManifestLockResult.txt",
			);
			runOnlyForDeploymentPostprocessing = 0;
			shellPath = /bin/sh;
			shellScript = "diff \"${PODS_PODFILE_DIR_PATH}/Podfile.lock\" \"${PODS_ROOT}/Manifest.lock\" > /dev/null\nif [ $? != 0 ] ; then\n    # print error to STDERR\n    echo \"error: The sandbox is not in sync with the Podfile.lock. Run 'pod install' or update your CocoaPods installation.\" >&2\n    exit 1\nfi\n# This output is used by Xcode 'outputs' to avoid re-running this script phase.\necho \"SUCCESS\" > \"${SCRIPT_OUTPUT_FILE_0}\"\n";
			showEnvVarsInLog = 0;
		};
		4C8B73206658E89F848AAABA /* [CP] Embed Pods Frameworks */ = {
			isa = PBXShellScriptBuildPhase;
			buildActionMask = 2147483647;
			files = (
			);
			inputFileListPaths = (
				"${PODS_ROOT}/Target Support Files/Pods-Car-Logo-Detect/Pods-Car-Logo-Detect-frameworks-${CONFIGURATION}-input-files.xcfilelist",
			);
			name = "[CP] Embed Pods Frameworks";
			outputFileListPaths = (
				"${PODS_ROOT}/Target Support Files/Pods-Car-Logo-Detect/Pods-Car-Logo-Detect-frameworks-${CONFIGURATION}-output-files.xcfilelist",
			);
			runOnlyForDeploymentPostprocessing = 0;
			shellPath = /bin/sh;
			shellScript = "\"${PODS_ROOT}/Target Support Files/Pods-Car-Logo-Detect/Pods-Car-Logo-Detect-frameworks.sh\"\n";
			showEnvVarsInLog = 0;
		};
/* End PBXShellScriptBuildPhase section */

/* Begin PBXSourcesBuildPhase section */
		23CC408F2D28FE7A00DB119B /* Sources */ = {
			isa = PBXSourcesBuildPhase;
			buildActionMask = 2147483647;
			files = (
				23CC409B2D28FE7A00DB119B /* MainViewController.swift in Sources */,
				A75E64E62D350BA500E30C50 /* FunctionType.swift in Sources */,
				A75E64EE2D350EA900E30C50 /* FuncButton.swift in Sources */,
				A75E64EC2D350DDE00E30C50 /* DrawViewController.swift in Sources */,
				23CC40972D28FE7A00DB119B /* AppDelegate.swift in Sources */,
				A75E64F72D37676400E30C50 /* CarBrandItem.swift in Sources */,
				23CC40992D28FE7A00DB119B /* SceneDelegate.swift in Sources */,
				A75E64F52D37667900E30C50 /* CarBrandCell.swift in Sources */,
				A75E64F12D36479C00E30C50 /* PreviewViewController.swift in Sources */,
				A75E64F32D3762B300E30C50 /* CarInfoWikiViewController.swift in Sources */,
			);
			runOnlyForDeploymentPostprocessing = 0;
		};
/* End PBXSourcesBuildPhase section */

/* Begin PBXVariantGroup section */
		23CC40A12D28FE7A00DB119B /* LaunchScreen.storyboard */ = {
			isa = PBXVariantGroup;
			children = (
				23CC40A22D28FE7A00DB119B /* Base */,
			);
			name = LaunchScreen.storyboard;
			sourceTree = "<group>";
		};
/* End PBXVariantGroup section */

/* Begin XCBuildConfiguration section */
		23CC40A52D28FE7A00DB119B /* Debug */ = {
			isa = XCBuildConfiguration;
			buildSettings = {
				ALWAYS_SEARCH_USER_PATHS = NO;
				ASSETCATALOG_COMPILER_GENERATE_SWIFT_ASSET_SYMBOL_EXTENSIONS = YES;
				CLANG_ANALYZER_NONNULL = YES;
				CLANG_ANALYZER_NUMBER_OBJECT_CONVERSION = YES_AGGRESSIVE;
				CLANG_CXX_LANGUAGE_STANDARD = "gnu++20";
				CLANG_ENABLE_MODULES = YES;
				CLANG_ENABLE_OBJC_ARC = YES;
				CLANG_ENABLE_OBJC_WEAK = YES;
				CLANG_WARN_BLOCK_CAPTURE_AUTORELEASING = YES;
				CLANG_WARN_BOOL_CONVERSION = YES;
				CLANG_WARN_COMMA = YES;
				CLANG_WARN_CONSTANT_CONVERSION = YES;
				CLANG_WARN_DEPRECATED_OBJC_IMPLEMENTATIONS = YES;
				CLANG_WARN_DIRECT_OBJC_ISA_USAGE = YES_ERROR;
				CLANG_WARN_DOCUMENTATION_COMMENTS = YES;
				CLANG_WARN_EMPTY_BODY = YES;
				CLANG_WARN_ENUM_CONVERSION = YES;
				CLANG_WARN_INFINITE_RECURSION = YES;
				CLANG_WARN_INT_CONVERSION = YES;
				CLANG_WARN_NON_LITERAL_NULL_CONVERSION = YES;
				CLANG_WARN_OBJC_IMPLICIT_RETAIN_SELF = YES;
				CLANG_WARN_OBJC_LITERAL_CONVERSION = YES;
				CLANG_WARN_OBJC_ROOT_CLASS = YES_ERROR;
				CLANG_WARN_QUOTED_INCLUDE_IN_FRAMEWORK_HEADER = YES;
				CLANG_WARN_RANGE_LOOP_ANALYSIS = YES;
				CLANG_WARN_STRICT_PROTOTYPES = YES;
				CLANG_WARN_SUSPICIOUS_MOVE = YES;
				CLANG_WARN_UNGUARDED_AVAILABILITY = YES_AGGRESSIVE;
				CLANG_WARN_UNREACHABLE_CODE = YES;
				CLANG_WARN__DUPLICATE_METHOD_MATCH = YES;
				COPY_PHASE_STRIP = NO;
				DEBUG_INFORMATION_FORMAT = dwarf;
				ENABLE_STRICT_OBJC_MSGSEND = YES;
				ENABLE_TESTABILITY = YES;
				ENABLE_USER_SCRIPT_SANDBOXING = NO;
				GCC_C_LANGUAGE_STANDARD = gnu17;
				GCC_DYNAMIC_NO_PIC = NO;
				GCC_NO_COMMON_BLOCKS = YES;
				GCC_OPTIMIZATION_LEVEL = 0;
				GCC_PREPROCESSOR_DEFINITIONS = (
					"DEBUG=1",
					"$(inherited)",
				);
				GCC_WARN_64_TO_32_BIT_CONVERSION = YES;
				GCC_WARN_ABOUT_RETURN_TYPE = YES_ERROR;
				GCC_WARN_UNDECLARED_SELECTOR = YES;
				GCC_WARN_UNINITIALIZED_AUTOS = YES_AGGRESSIVE;
				GCC_WARN_UNUSED_FUNCTION = YES;
				GCC_WARN_UNUSED_VARIABLE = YES;
				IPHONEOS_DEPLOYMENT_TARGET = 15.6;
				LOCALIZATION_PREFERS_STRING_CATALOGS = YES;
				MTL_ENABLE_DEBUG_INFO = INCLUDE_SOURCE;
				MTL_FAST_MATH = YES;
				ONLY_ACTIVE_ARCH = YES;
				SDKROOT = iphoneos;
				SWIFT_ACTIVE_COMPILATION_CONDITIONS = "DEBUG $(inherited)";
				SWIFT_OPTIMIZATION_LEVEL = "-Onone";
			};
			name = Debug;
		};
		23CC40A62D28FE7A00DB119B /* Release */ = {
			isa = XCBuildConfiguration;
			buildSettings = {
				ALWAYS_SEARCH_USER_PATHS = NO;
				ASSETCATALOG_COMPILER_GENERATE_SWIFT_ASSET_SYMBOL_EXTENSIONS = YES;
				CLANG_ANALYZER_NONNULL = YES;
				CLANG_ANALYZER_NUMBER_OBJECT_CONVERSION = YES_AGGRESSIVE;
				CLANG_CXX_LANGUAGE_STANDARD = "gnu++20";
				CLANG_ENABLE_MODULES = YES;
				CLANG_ENABLE_OBJC_ARC = YES;
				CLANG_ENABLE_OBJC_WEAK = YES;
				CLANG_WARN_BLOCK_CAPTURE_AUTORELEASING = YES;
				CLANG_WARN_BOOL_CONVERSION = YES;
				CLANG_WARN_COMMA = YES;
				CLANG_WARN_CONSTANT_CONVERSION = YES;
				CLANG_WARN_DEPRECATED_OBJC_IMPLEMENTATIONS = YES;
				CLANG_WARN_DIRECT_OBJC_ISA_USAGE = YES_ERROR;
				CLANG_WARN_DOCUMENTATION_COMMENTS = YES;
				CLANG_WARN_EMPTY_BODY = YES;
				CLANG_WARN_ENUM_CONVERSION = YES;
				CLANG_WARN_INFINITE_RECURSION = YES;
				CLANG_WARN_INT_CONVERSION = YES;
				CLANG_WARN_NON_LITERAL_NULL_CONVERSION = YES;
				CLANG_WARN_OBJC_IMPLICIT_RETAIN_SELF = YES;
				CLANG_WARN_OBJC_LITERAL_CONVERSION = YES;
				CLANG_WARN_OBJC_ROOT_CLASS = YES_ERROR;
				CLANG_WARN_QUOTED_INCLUDE_IN_FRAMEWORK_HEADER = YES;
				CLANG_WARN_RANGE_LOOP_ANALYSIS = YES;
				CLANG_WARN_STRICT_PROTOTYPES = YES;
				CLANG_WARN_SUSPICIOUS_MOVE = YES;
				CLANG_WARN_UNGUARDED_AVAILABILITY = YES_AGGRESSIVE;
				CLANG_WARN_UNREACHABLE_CODE = YES;
				CLANG_WARN__DUPLICATE_METHOD_MATCH = YES;
				COPY_PHASE_STRIP = NO;
				DEBUG_INFORMATION_FORMAT = "dwarf-with-dsym";
				ENABLE_NS_ASSERTIONS = NO;
				ENABLE_STRICT_OBJC_MSGSEND = YES;
				ENABLE_USER_SCRIPT_SANDBOXING = NO;
				GCC_C_LANGUAGE_STANDARD = gnu17;
				GCC_NO_COMMON_BLOCKS = YES;
				GCC_WARN_64_TO_32_BIT_CONVERSION = YES;
				GCC_WARN_ABOUT_RETURN_TYPE = YES_ERROR;
				GCC_WARN_UNDECLARED_SELECTOR = YES;
				GCC_WARN_UNINITIALIZED_AUTOS = YES_AGGRESSIVE;
				GCC_WARN_UNUSED_FUNCTION = YES;
				GCC_WARN_UNUSED_VARIABLE = YES;
				IPHONEOS_DEPLOYMENT_TARGET = 15.6;
				LOCALIZATION_PREFERS_STRING_CATALOGS = YES;
				MTL_ENABLE_DEBUG_INFO = NO;
				MTL_FAST_MATH = YES;
				SDKROOT = iphoneos;
				SWIFT_COMPILATION_MODE = wholemodule;
				VALIDATE_PRODUCT = YES;
			};
			name = Release;
		};
		23CC40A82D28FE7A00DB119B /* Debug */ = {
			isa = XCBuildConfiguration;
			baseConfigurationReference = 68A61A7F55FD7464AFBC494C /* Pods-Car-Logo-Detect.debug.xcconfig */;
			buildSettings = {
				ASSETCATALOG_COMPILER_APPICON_NAME = AppIcon;
				ASSETCATALOG_COMPILER_GLOBAL_ACCENT_COLOR_NAME = AccentColor;
				CODE_SIGN_STYLE = Automatic;
				CURRENT_PROJECT_VERSION = 1;
				DEVELOPMENT_TEAM = UJ876FXT32;
				GENERATE_INFOPLIST_FILE = YES;
				INFOPLIST_FILE = "Car-Logo-Detect/Info.plist";
				INFOPLIST_KEY_UIApplicationSupportsIndirectInputEvents = YES;
				INFOPLIST_KEY_UILaunchStoryboardName = LaunchScreen;
				INFOPLIST_KEY_UISupportedInterfaceOrientations_iPad = "UIInterfaceOrientationPortrait UIInterfaceOrientationPortraitUpsideDown UIInterfaceOrientationLandscapeLeft UIInterfaceOrientationLandscapeRight";
				INFOPLIST_KEY_UISupportedInterfaceOrientations_iPhone = "UIInterfaceOrientationPortrait UIInterfaceOrientationLandscapeLeft UIInterfaceOrientationLandscapeRight";
				IPHONEOS_DEPLOYMENT_TARGET = 15.6;
				LD_RUNPATH_SEARCH_PATHS = (
					"$(inherited)",
					"@executable_path/Frameworks",
				);
				MARKETING_VERSION = 1.0;
				PRODUCT_BUNDLE_IDENTIFIER = "name.logan.Car-Logo-Detect";
				PRODUCT_NAME = "$(TARGET_NAME)";
				SWIFT_EMIT_LOC_STRINGS = YES;
				SWIFT_VERSION = 5.0;
				TARGETED_DEVICE_FAMILY = "1,2";
			};
			name = Debug;
		};
		23CC40A92D28FE7A00DB119B /* Release */ = {
			isa = XCBuildConfiguration;
			baseConfigurationReference = 54167AD410BE3C8FF21812CF /* Pods-Car-Logo-Detect.release.xcconfig */;
			buildSettings = {
				ASSETCATALOG_COMPILER_APPICON_NAME = AppIcon;
				ASSETCATALOG_COMPILER_GLOBAL_ACCENT_COLOR_NAME = AccentColor;
				CODE_SIGN_STYLE = Automatic;
				CURRENT_PROJECT_VERSION = 1;
				DEVELOPMENT_TEAM = UJ876FXT32;
				GENERATE_INFOPLIST_FILE = YES;
				INFOPLIST_FILE = "Car-Logo-Detect/Info.plist";
				INFOPLIST_KEY_UIApplicationSupportsIndirectInputEvents = YES;
				INFOPLIST_KEY_UILaunchStoryboardName = LaunchScreen;
				INFOPLIST_KEY_UISupportedInterfaceOrientations_iPad = "UIInterfaceOrientationPortrait UIInterfaceOrientationPortraitUpsideDown UIInterfaceOrientationLandscapeLeft UIInterfaceOrientationLandscapeRight";
				INFOPLIST_KEY_UISupportedInterfaceOrientations_iPhone = "UIInterfaceOrientationPortrait UIInterfaceOrientationLandscapeLeft UIInterfaceOrientationLandscapeRight";
				IPHONEOS_DEPLOYMENT_TARGET = 15.6;
				LD_RUNPATH_SEARCH_PATHS = (
					"$(inherited)",
					"@executable_path/Frameworks",
				);
				MARKETING_VERSION = 1.0;
				PRODUCT_BUNDLE_IDENTIFIER = "name.logan.Car-Logo-Detect";
				PRODUCT_NAME = "$(TARGET_NAME)";
				SWIFT_EMIT_LOC_STRINGS = YES;
				SWIFT_VERSION = 5.0;
				TARGETED_DEVICE_FAMILY = "1,2";
			};
			name = Release;
		};
/* End XCBuildConfiguration section */

/* Begin XCConfigurationList section */
		23CC408E2D28FE7A00DB119B /* Build configuration list for PBXProject "Car-Logo-Detect" */ = {
			isa = XCConfigurationList;
			buildConfigurations = (
				23CC40A52D28FE7A00DB119B /* Debug */,
				23CC40A62D28FE7A00DB119B /* Release */,
			);
			defaultConfigurationIsVisible = 0;
			defaultConfigurationName = Release;
		};
		23CC40A72D28FE7A00DB119B /* Build configuration list for PBXNativeTarget "Car-Logo-Detect" */ = {
			isa = XCConfigurationList;
			buildConfigurations = (
				23CC40A82D28FE7A00DB119B /* Debug */,
				23CC40A92D28FE7A00DB119B /* Release */,
			);
			defaultConfigurationIsVisible = 0;
			defaultConfigurationName = Release;
		};
/* End XCConfigurationList section */
	};
	rootObject = 23CC408B2D28FE7A00DB119B /* Project object */;
}
